{
  "requires": true,
  "lockfileVersion": 1,
  "dependencies": {
    "vuetify": {
      "version": "1.5.6",
      "resolved": "https://registry.npmjs.org/vuetify/-/vuetify-1.5.6.tgz",
      "integrity": "sha512-3cpuqCRZam6mpWZwq2M7aCFCFmE5qvu3vaq4MMXRYzJCTtOJ+nCxkDXuilNbjh/eKz/Pi95dQZOYXvccwq6rGA=="
    }
  }
}
